{
  "name": "facebook-chat-assistant",
  "version": "3.0.0",
  "lockfileVersion": 1,
  "requires": true,
  "dependencies": {
    "kotlin": {
      "version": "1.2.71",
      "resolved": "https://registry.npmjs.org/kotlin/-/kotlin-1.2.71.tgz",
      "integrity": "sha512-B+dZ5bB5t6nEPlXtT7lsdbEKUK4pWQ2gRlZAXBM1vQ2uncj0VqAQKhGNYkKv5a1ipZCqkijqTXtxVZ7fbzSepw=="
    }
  }
}
